<?xml version="1.0" encoding="utf-8"?>
<Project ToolsVersion="4.0" xmlns="http://schemas.microsoft.com/developer/msbuild/2003">
  <ItemGroup>
    <Filter Include="Source Files">
      <UniqueIdentifier>{4FC737F1-C7A5-4376-A066-2A32D752A2FF}</UniqueIdentifier>
      <Extensions>qml;cpp;c;cc;cxx;def;odl;idl;hpj;bat;asm;asmx</Extensions>
    </Filter>
    <Filter Include="Header Files">
      <UniqueIdentifier>{93995380-89BD-4b04-88EB-625FBE52EBFB}</UniqueIdentifier>
      <Extensions>h;hh;hpp;hxx;hm;inl;inc;xsd</Extensions>
    </Filter>
    <Filter Include="Resource Files">
      <UniqueIdentifier>{67DA6AB6-F800-4c08-8B7A-83BB121AAD01}</UniqueIdentifier>
      <Extensions>qrc;rc;ico;cur;bmp;dlg;rc2;rct;bin;rgs;gif;jpg;jpeg;jpe;resx;tiff;tif;png;wav;mfcribbon-ms</Extensions>
    </Filter>
    <Filter Include="Form Files">
      <UniqueIdentifier>{99349809-55BA-4b9d-BF79-8FDBB0286EB3}</UniqueIdentifier>
      <Extensions>ui</Extensions>
    </Filter>
    <Filter Include="Translation Files">
      <UniqueIdentifier>{639EADAA-A684-42e4-A9AD-28FC9BCB8F7C}</UniqueIdentifier>
      <Extensions>ts</Extensions>
    </Filter>
    <Filter Include="Header Files\filters">
      <UniqueIdentifier>{fa9e563d-58ef-4ce6-998e-05ab0471c7a5}</UniqueIdentifier>
    </Filter>
    <Filter Include="Header Files\filtersDialog">
      <UniqueIdentifier>{0d1b7dd5-ea07-4e21-8ffa-55d114d77895}</UniqueIdentifier>
    </Filter>
    <Filter Include="Source Files\filtersDialog">
      <UniqueIdentifier>{6aaef8b5-5ef1-4fb6-a959-c0b5e77a1b45}</UniqueIdentifier>
    </Filter>
    <Filter Include="Source Files\filters">
      <UniqueIdentifier>{0cf3cbfa-88c7-4be6-b12d-ab7715e03402}</UniqueIdentifier>
    </Filter>
  </ItemGroup>
  <ItemGroup>
    <ClCompile Include="main.cpp">
      <Filter>Source Files</Filter>
    </ClCompile>
    <ClCompile Include="MainWindow.cpp">
      <Filter>Source Files</Filter>
    </ClCompile>
    <ClCompile Include="filtersDialog\CircleDarkerDialog.cpp">
      <Filter>Source Files\filtersDialog</Filter>
    </ClCompile>
    <ClCompile Include="PanelOfInstruments.cpp">
      <Filter>Source Files</Filter>
    </ClCompile>
    <ClCompile Include="PaintManager.cpp">
      <Filter>Source Files</Filter>
    </ClCompile>
    <ClCompile Include="filters\CircleDarkerFilter.cpp">
      <Filter>Source Files\filters</Filter>
    </ClCompile>
    <ClCompile Include="filters\FilterList.cpp">
      <Filter>Source Files\filters</Filter>
    </ClCompile>
    <ClCompile Include="filters\NegativeFilter.cpp">
      <Filter>Source Files\filters</Filter>
    </ClCompile>
    <ClCompile Include="PanelOfParametersOfCurrentInstrument.cpp">
      <Filter>Source Files</Filter>
    </ClCompile>
    <ClCompile Include="ImageWidget.cpp">
      <Filter>Source Files</Filter>
    </ClCompile>
  </ItemGroup>
  <ItemGroup>
    <QtMoc Include="MainWindow.h">
      <Filter>Header Files</Filter>
    </QtMoc>
    <QtMoc Include="ImageWidget.h">
      <Filter>Header Files</Filter>
    </QtMoc>
    <QtMoc Include="filtersDialog\CircleDarkerDialog.h">
      <Filter>Header Files\filtersDialog</Filter>
    </QtMoc>
    <QtMoc Include="PanelOfInstruments.h">
      <Filter>Header Files</Filter>
    </QtMoc>
    <QtMoc Include="PanelOfParametersOfCurrentInstrument.h">
      <Filter>Header Files</Filter>
    </QtMoc>
    <QtMoc Include="ProgramState.h">
      <Filter>Header Files</Filter>
    </QtMoc>
  </ItemGroup>
  <ItemGroup>
    <ClInclude Include="filters\NegativeFilter.h">
      <Filter>Header Files\filters</Filter>
    </ClInclude>
    <ClInclude Include="filters\IFilter.h">
      <Filter>Header Files\filters</Filter>
    </ClInclude>
    <ClInclude Include="filters\FilterList.h">
      <Filter>Header Files\filters</Filter>
    </ClInclude>
    <ClInclude Include="filters\CircleDarkerFilter.h">
      <Filter>Header Files\filters</Filter>
    </ClInclude>
    <ClInclude Include="readAll.h">
      <Filter>Header Files</Filter>
    </ClInclude>
    <ClInclude Include="PaintManager.h">
      <Filter>Header Files</Filter>
    </ClInclude>
    <ClInclude Include="InstrumentEnum.h">
      <Filter>Header Files</Filter>
    </ClInclude>
  </ItemGroup>
</Project>